# This file is autogenerated, do not edit; changes may be undone by the next 'dep ensure'.


[[projects]]
  name = "github.com/aws/aws-sdk-go"
  packages = ["aws","aws/awserr","aws/awsutil","aws/client","aws/client/metadata","aws/corehandlers","aws/credentials","aws/credentials/ec2rolecreds","aws/credentials/endpointcreds","aws/credentials/stscreds","aws/defaults","aws/ec2metadata","aws/endpoints","aws/request","aws/session","aws/signer/v4","internal/shareddefaults","private/protocol","private/protocol/ec2query","private/protocol/json/jsonutil","private/protocol/jsonrpc","private/protocol/query","private/protocol/query/queryutil","private/protocol/rest","private/protocol/restxml","private/protocol/xml/xmlutil","service/acm","service/autoscaling","service/cloudwatchlogs","service/ec2","service/iam","service/kms","service/s3","service/sns","service/sqs","service/sts"]
  revision = "decd990ddc5dcdf2f73309cbcab90d06b996ca28"
  version = "v1.12.67"

[[projects]]
  name = "github.com/boombuler/barcode"
  packages = [".","qr","utils"]
  revision = "3cfea5ab600ae37946be2b763b8ec2c1cf2d272d"
  version = "v1.0.0"

[[projects]]
  name = "github.com/fatih/structs"
  packages = ["."]
  revision = "a720dfa8df582c51dee1b36feabb906bde1588bd"
  version = "v1.0"

[[projects]]
  name = "github.com/go-errors/errors"
  packages = ["."]
  revision = "3afebba5a48dbc89b574d890b6b34d9ee10b4785"
  version = "v1.0.0"

[[projects]]
  name = "github.com/go-ini/ini"
  packages = ["."]
  revision = "32e4c1e6bc4e7d0d8451aa6b75200d19e37a536a"
  version = "v1.32.0"

[[projects]]
  branch = "master"
  name = "github.com/golang/snappy"
  packages = ["."]
  revision = "553a641470496b2327abcac10b36396bd98e45c9"

[[projects]]
  name = "github.com/google/uuid"
  packages = ["."]
  revision = "064e2069ce9c359c118179501254f67d7d37ba24"
  version = "0.2"

[[projects]]
  name = "github.com/gruntwork-io/gruntwork-cli"
  packages = ["errors","logging"]
  revision = "94044eeeb0a48b5e8dd52190fa0d0daba53e157f"
  version = "v0.1.2"

[[projects]]
  name = "github.com/gruntwork-io/terratest"
  packages = [".","aws","http","log","packer","parallel","shell","ssh","terraform","util"]
  revision = "8b768cd5f5af5eabd86ed220e61852263cdd044d"
  version = "v0.7.2"

[[projects]]
  branch = "master"
  name = "github.com/hashicorp/errwrap"
  packages = ["."]
  revision = "7554cd9344cec97297fa6649b055a8c98c2a1e55"

[[projects]]
  branch = "master"
  name = "github.com/hashicorp/go-cleanhttp"
  packages = ["."]
  revision = "d5fe4b57a186c716b0e00b8c301cbd9b4182694d"

[[projects]]
  branch = "master"
  name = "github.com/hashicorp/go-multierror"
  packages = ["."]
  revision = "b7773ae218740a7be65057fc60b366a49b538a44"

[[projects]]
  branch = "master"
  name = "github.com/hashicorp/go-rootcerts"
  packages = ["."]
  revision = "6bb64b370b90e7ef1fa532be9e591a81c3493e00"

[[projects]]
  branch = "master"
  name = "github.com/hashicorp/hcl"
  packages = [".","hcl/ast","hcl/parser","hcl/scanner","hcl/strconv","hcl/token","json/parser","json/scanner","json/token"]
  revision = "23c074d0eceb2b8a5bfdbb271ab780cde70f05a8"

[[projects]]
  name = "github.com/hashicorp/vault"
  packages = ["api","helper/compressutil","helper/jsonutil","helper/parseutil"]
  revision = "87b6919dea55da61d7cd444b2442cabb8ede8ab1"
  version = "v0.9.1"

[[projects]]
  name = "github.com/jmespath/go-jmespath"
  packages = ["."]
  revision = "0b12d6b5"

[[projects]]
  branch = "master"
  name = "github.com/mitchellh/go-homedir"
  packages = ["."]
  revision = "b8bc1bf767474819792c23f32d8286a45736f1c6"

[[projects]]
  branch = "master"
  name = "github.com/mitchellh/mapstructure"
  packages = ["."]
  revision = "b4575eea38cca1123ec2dc90c26529b5c5acfcff"

[[projects]]
  name = "github.com/pquerna/otp"
  packages = [".","hotp","totp"]
  revision = "b7b89250c468c06871d3837bee02e2d5c155ae19"
  version = "v1.0.0"

[[projects]]
  branch = "master"
  name = "github.com/sethgrid/pester"
  packages = ["."]
  revision = "760f8913c0483b776294e1bee43f1d687527127b"

[[projects]]
  name = "github.com/sirupsen/logrus"
  packages = ["."]
  revision = "d682213848ed68c0a260ca37d6dd5ace8423f5ba"
  version = "v1.0.4"

[[projects]]
  name = "github.com/urfave/cli"
  packages = ["."]
  revision = "cfb38830724cc34fedffe9a2a29fb54fa9169cd1"
  version = "v1.20.0"

[[projects]]
  branch = "master"
  name = "golang.org/x/crypto"
  packages = ["curve25519","ed25519","ed25519/internal/edwards25519","internal/chacha20","poly1305","ssh","ssh/terminal"]
  revision = "3d37316aaa6bd9929127ac9a527abf408178ea7b"

[[projects]]
  branch = "master"
  name = "golang.org/x/net"
  packages = ["http2","http2/hpack","idna","lex/httplex"]
  revision = "0ed95abb35c445290478a5348a7b38bb154135fd"

[[projects]]
  branch = "master"
  name = "golang.org/x/sys"
  packages = ["unix","windows"]
  revision = "ef802241c90f84d84d644a2d8d0de8ee96038c9c"

[[projects]]
  branch = "master"
  name = "golang.org/x/text"
  packages = ["collate","collate/build","internal/colltab","internal/gen","internal/tag","internal/triegen","internal/ucd","language","secure/bidirule","transform","unicode/bidi","unicode/cldr","unicode/norm","unicode/rangetable"]
  revision = "e19ae1496984b1c655b8044a65c0300a3c878dd3"

[solve-meta]
  analyzer-name = "dep"
  analyzer-version = 1
  inputs-digest = "8bf28b2d651da35ef872c4f982f6b8eca23fd4f8b421d29ce0c9cfd70c6397a2"
  solver-name = "gps-cdcl"
  solver-version = 1
